// !$*UTF8*$!
{
	archiveVersion = 1;
	classes = {
	};
	objectVersion = 56;
	objects = {

/* Begin PBXBuildFile section */
		AC274CDE2B46F24100353B24 /* StateManagementTAIHENApp.swift in Sources */ = {isa = PBXBuildFile; fileRef = AC274CDD2B46F24100353B24 /* StateManagementTAIHENApp.swift */; };
		AC274CE02B46F24100353B24 /* ContentView.swift in Sources */ = {isa = PBXBuildFile; fileRef = AC274CDF2B46F24100353B24 /* ContentView.swift */; };
		AC274CE22B46F24600353B24 /* Assets.xcassets in Resources */ = {isa = PBXBuildFile; fileRef = AC274CE12B46F24600353B24 /* Assets.xcassets */; };
		AC274CE52B46F24600353B24 /* Preview Assets.xcassets in Resources */ = {isa = PBXBuildFile; fileRef = AC274CE42B46F24600353B24 /* Preview Assets.xcassets */; };
		AC274CEF2B46F24600353B24 /* StateManagementTAIHENTests.swift in Sources */ = {isa = PBXBuildFile; fileRef = AC274CEE2B46F24600353B24 /* StateManagementTAIHENTests.swift */; };
		AC274CF92B46F24600353B24 /* StateManagementTAIHENUITests.swift in Sources */ = {isa = PBXBuildFile; fileRef = AC274CF82B46F24600353B24 /* StateManagementTAIHENUITests.swift */; };
		AC274CFB2B46F24600353B24 /* StateManagementTAIHENUITestsLaunchTests.swift in Sources */ = {isa = PBXBuildFile; fileRef = AC274CFA2B46F24600353B24 /* StateManagementTAIHENUITestsLaunchTests.swift */; };
/* End PBXBuildFile section */

/* Begin PBXContainerItemProxy section */
		AC274CEB2B46F24600353B24 /* PBXContainerItemProxy */ = {
			isa = PBXContainerItemProxy;
			containerPortal = AC274CD22B46F24100353B24 /* Project object */;
			proxyType = 1;
			remoteGlobalIDString = AC274CD92B46F24100353B24;
			remoteInfo = StateManagementTAIHEN;
		};
		AC274CF52B46F24600353B24 /* PBXContainerItemProxy */ = {
			isa = PBXContainerItemProxy;
			containerPortal = AC274CD22B46F24100353B24 /* Project object */;
			proxyType = 1;
			remoteGlobalIDString = AC274CD92B46F24100353B24;
			remoteInfo = StateManagementTAIHEN;
		};
/* End PBXContainerItemProxy section */

/* Begin PBXFileReference section */
		AC274CDA2B46F24100353B24 /* StateManagementTAIHEN.app */ = {isa = PBXFileReference; explicitFileType = wrapper.application; includeInIndex = 0; path = StateManagementTAIHEN.app; sourceTree = BUILT_PRODUCTS_DIR; };
		AC274CDD2B46F24100353B24 /* StateManagementTAIHENApp.swift */ = {isa = PBXFileReference; lastKnownFileType = sourcecode.swift; path = StateManagementTAIHENApp.swift; sourceTree = "<group>"; };
		AC274CDF2B46F24100353B24 /* ContentView.swift */ = {isa = PBXFileReference; lastKnownFileType = sourcecode.swift; path = ContentView.swift; sourceTree = "<group>"; };
		AC274CE12B46F24600353B24 /* Assets.xcassets */ = {isa = PBXFileReference; lastKnownFileType = folder.assetcatalog; path = Assets.xcassets; sourceTree = "<group>"; };
		AC274CE42B46F24600353B24 /* Preview Assets.xcassets */ = {isa = PBXFileReference; lastKnownFileType = folder.assetcatalog; path = "Preview Assets.xcassets"; sourceTree = "<group>"; };
		AC274CEA2B46F24600353B24 /* StateManagementTAIHENTests.xctest */ = {isa = PBXFileReference; explicitFileType = wrapper.cfbundle; includeInIndex = 0; path = StateManagementTAIHENTests.xctest; sourceTree = BUILT_PRODUCTS_DIR; };
		AC274CEE2B46F24600353B24 /* StateManagementTAIHENTests.swift */ = {isa = PBXFileReference; lastKnownFileType = sourcecode.swift; path = StateManagementTAIHENTests.swift; sourceTree = "<group>"; };
		AC274CF42B46F24600353B24 /* StateManagementTAIHENUITests.xctest */ = {isa = PBXFileReference; explicitFileType = wrapper.cfbundle; includeInIndex = 0; path = StateManagementTAIHENUITests.xctest; sourceTree = BUILT_PRODUCTS_DIR; };
		AC274CF82B46F24600353B24 /* StateManagementTAIHENUITests.swift */ = {isa = PBXFileReference; lastKnownFileType = sourcecode.swift; path = StateManagementTAIHENUITests.swift; sourceTree = "<group>"; };
		AC274CFA2B46F24600353B24 /* StateManagementTAIHENUITestsLaunchTests.swift */ = {isa = PBXFileReference; lastKnownFileType = sourcecode.swift; path = StateManagementTAIHENUITestsLaunchTests.swift; sourceTree = "<group>"; };
/* End PBXFileReference section */

/* Begin PBXFrameworksBuildPhase section */
		AC274CD72B46F24100353B24 /* Frameworks */ = {
			isa = PBXFrameworksBuildPhase;
			buildActionMask = 2147483647;
			files = (
			);
			runOnlyForDeploymentPostprocessing = 0;
		};
		AC274CE72B46F24600353B24 /* Frameworks */ = {
			isa = PBXFrameworksBuildPhase;
			buildActionMask = 2147483647;
			files = (
			);
			runOnlyForDeploymentPostprocessing = 0;
		};
		AC274CF12B46F24600353B24 /* Frameworks */ = {
			isa = PBXFrameworksBuildPhase;
			buildActionMask = 2147483647;
			files = (
			);
			runOnlyForDeploymentPostprocessing = 0;
		};
/* End PBXFrameworksBuildPhase section */

/* Begin PBXGroup section */
		AC274CD12B46F24100353B24 = {
			isa = PBXGroup;
			children = (
				AC274CDC2B46F24100353B24 /* StateManagementTAIHEN */,
				AC274CED2B46F24600353B24 /* StateManagementTAIHENTests */,
				AC274CF72B46F24600353B24 /* StateManagementTAIHENUITests */,
				AC274CDB2B46F24100353B24 /* Products */,
			);
			sourceTree = "<group>";
		};
		AC274CDB2B46F24100353B24 /* Products */ = {
			isa = PBXGroup;
			children = (
				AC274CDA2B46F24100353B24 /* StateManagementTAIHEN.app */,
				AC274CEA2B46F24600353B24 /* StateManagementTAIHENTests.xctest */,
				AC274CF42B46F24600353B24 /* StateManagementTAIHENUITests.xctest */,
			);
			name = Products;
			sourceTree = "<group>";
		};
		AC274CDC2B46F24100353B24 /* StateManagementTAIHEN */ = {
			isa = PBXGroup;
			children = (
				AC274CDD2B46F24100353B24 /* StateManagementTAIHENApp.swift */,
				AC274CDF2B46F24100353B24 /* ContentView.swift */,
				AC274CE12B46F24600353B24 /* Assets.xcassets */,
				AC274CE32B46F24600353B24 /* Preview Content */,
			);
			path = StateManagementTAIHEN;
			sourceTree = "<group>";
		};
		AC274CE32B46F24600353B24 /* Preview Content */ = {
			isa = PBXGroup;
			children = (
				AC274CE42B46F24600353B24 /* Preview Assets.xcassets */,
			);
			path = "Preview Content";
			sourceTree = "<group>";
		};
		AC274CED2B46F24600353B24 /* StateManagementTAIHENTests */ = {
			isa = PBXGroup;
			children = (
				AC274CEE2B46F24600353B24 /* StateManagementTAIHENTests.swift */,
			);
			path = StateManagementTAIHENTests;
			sourceTree = "<group>";
		};
		AC274CF72B46F24600353B24 /* StateManagementTAIHENUITests */ = {
			isa = PBXGroup;
			children = (
				AC274CF82B46F24600353B24 /* StateManagementTAIHENUITests.swift */,
				AC274CFA2B46F24600353B24 /* StateManagementTAIHENUITestsLaunchTests.swift */,
			);
			path = StateManagementTAIHENUITests;
			sourceTree = "<group>";
		};
/* End PBXGroup section */

/* Begin PBXNativeTarget section */
		AC274CD92B46F24100353B24 /* StateManagementTAIHEN */ = {
			isa = PBXNativeTarget;
			buildConfigurationList = AC274CFE2B46F24600353B24 /* Build configuration list for PBXNativeTarget "StateManagementTAIHEN" */;
			buildPhases = (
				AC274CD62B46F24100353B24 /* Sources */,
				AC274CD72B46F24100353B24 /* Frameworks */,
				AC274CD82B46F24100353B24 /* Resources */,
			);
			buildRules = (
			);
			dependencies = (
			);
			name = StateManagementTAIHEN;
			productName = StateManagementTAIHEN;
			productReference = AC274CDA2B46F24100353B24 /* StateManagementTAIHEN.app */;
			productType = "com.apple.product-type.application";
		};
		AC274CE92B46F24600353B24 /* StateManagementTAIHENTests */ = {
			isa = PBXNativeTarget;
			buildConfigurationList = AC274D012B46F24600353B24 /* Build configuration list for PBXNativeTarget "StateManagementTAIHENTests" */;
			buildPhases = (
				AC274CE62B46F24600353B24 /* Sources */,
				AC274CE72B46F24600353B24 /* Frameworks */,
				AC274CE82B46F24600353B24 /* Resources */,
			);
			buildRules = (
			);
			dependencies = (
				AC274CEC2B46F24600353B24 /* PBXTargetDependency */,
			);
			name = StateManagementTAIHENTests;
			productName = StateManagementTAIHENTests;
			productReference = AC274CEA2B46F24600353B24 /* StateManagementTAIHENTests.xctest */;
			productType = "com.apple.product-type.bundle.unit-test";
		};
		AC274CF32B46F24600353B24 /* StateManagementTAIHENUITests */ = {
			isa = PBXNativeTarget;
			buildConfigurationList = AC274D042B46F24600353B24 /* Build configuration list for PBXNativeTarget "StateManagementTAIHENUITests" */;
			buildPhases = (
				AC274CF02B46F24600353B24 /* Sources */,
				AC274CF12B46F24600353B24 /* Frameworks */,
				AC274CF22B46F24600353B24 /* Resources */,
			);
			buildRules = (
			);
			dependencies = (
				AC274CF62B46F24600353B24 /* PBXTargetDependency */,
			);
			name = StateManagementTAIHENUITests;
			productName = StateManagementTAIHENUITests;
			productReference = AC274CF42B46F24600353B24 /* StateManagementTAIHENUITests.xctest */;
			productType = "com.apple.product-type.bundle.ui-testing";
		};
/* End PBXNativeTarget section */

/* Begin PBXProject section */
		AC274CD22B46F24100353B24 /* Project object */ = {
			isa = PBXProject;
			attributes = {
				BuildIndependentTargetsInParallel = 1;
				LastSwiftUpdateCheck = 1520;
				LastUpgradeCheck = 1520;
				TargetAttributes = {
					AC274CD92B46F24100353B24 = {
						CreatedOnToolsVersion = 15.2;
					};
					AC274CE92B46F24600353B24 = {
						CreatedOnToolsVersion = 15.2;
						TestTargetID = AC274CD92B46F24100353B24;
					};
					AC274CF32B46F24600353B24 = {
						CreatedOnToolsVersion = 15.2;
						TestTargetID = AC274CD92B46F24100353B24;
					};
				};
			};
			buildConfigurationList = AC274CD52B46F24100353B24 /* Build configuration list for PBXProject "StateManagementTAIHEN" */;
			compatibilityVersion = "Xcode 14.0";
			developmentRegion = en;
			hasScannedForEncodings = 0;
			knownRegions = (
				en,
				Base,
			);
			mainGroup = AC274CD12B46F24100353B24;
			productRefGroup = AC274CDB2B46F24100353B24 /* Products */;
			projectDirPath = "";
			projectRoot = "";
			targets = (
				AC274CD92B46F24100353B24 /* StateManagementTAIHEN */,
				AC274CE92B46F24600353B24 /* StateManagementTAIHENTests */,
				AC274CF32B46F24600353B24 /* StateManagementTAIHENUITests */,
			);
		};
/* End PBXProject section */

/* Begin PBXResourcesBuildPhase section */
		AC274CD82B46F24100353B24 /* Resources */ = {
			isa = PBXResourcesBuildPhase;
			buildActionMask = 2147483647;
			files = (
				AC274CE52B46F24600353B24 /* Preview Assets.xcassets in Resources */,
				AC274CE22B46F24600353B24 /* Assets.xcassets in Resources */,
			);
			runOnlyForDeploymentPostprocessing = 0;
		};
		AC274CE82B46F24600353B24 /* Resources */ = {
			isa = PBXResourcesBuildPhase;
			buildActionMask = 2147483647;
			files = (
			);
			runOnlyForDeploymentPostprocessing = 0;
		};
		AC274CF22B46F24600353B24 /* Resources */ = {
			isa = PBXResourcesBuildPhase;
			buildActionMask = 2147483647;
			files = (
			);
			runOnlyForDeploymentPostprocessing = 0;
		};
/* End PBXResourcesBuildPhase section */

/* Begin PBXSourcesBuildPhase section */
		AC274CD62B46F24100353B24 /* Sources */ = {
			isa = PBXSourcesBuildPhase;
			buildActionMask = 2147483647;
			files = (
				AC274CE02B46F24100353B24 /* ContentView.swift in Sources */,
				AC274CDE2B46F24100353B24 /* StateManagementTAIHENApp.swift in Sources */,
			);
			runOnlyForDeploymentPostprocessing = 0;
		};
		AC274CE62B46F24600353B24 /* Sources */ = {
			isa = PBXSourcesBuildPhase;
			buildActionMask = 2147483647;
			files = (
				AC274CEF2B46F24600353B24 /* StateManagementTAIHENTests.swift in Sources */,
			);
			runOnlyForDeploymentPostprocessing = 0;
		};
		AC274CF02B46F24600353B24 /* Sources */ = {
			isa = PBXSourcesBuildPhase;
			buildActionMask = 2147483647;
			files = (
				AC274CFB2B46F24600353B24 /* StateManagementTAIHENUITestsLaunchTests.swift in Sources */,
				AC274CF92B46F24600353B24 /* StateManagementTAIHENUITests.swift in Sources */,
			);
			runOnlyForDeploymentPostprocessing = 0;
		};
/* End PBXSourcesBuildPhase section */

/* Begin PBXTargetDependency section */
		AC274CEC2B46F24600353B24 /* PBXTargetDependency */ = {
			isa = PBXTargetDependency;
			target = AC274CD92B46F24100353B24 /* StateManagementTAIHEN */;
			targetProxy = AC274CEB2B46F24600353B24 /* PBXContainerItemProxy */;
		};
		AC274CF62B46F24600353B24 /* PBXTargetDependency */ = {
			isa = PBXTargetDependency;
			target = AC274CD92B46F24100353B24 /* StateManagementTAIHEN */;
			targetProxy = AC274CF52B46F24600353B24 /* PBXContainerItemProxy */;
		};
/* End PBXTargetDependency section */

/* Begin XCBuildConfiguration section */
		AC274CFC2B46F24600353B24 /* Debug */ = {
			isa = XCBuildConfiguration;
			buildSettings = {
				ALWAYS_SEARCH_USER_PATHS = NO;
				ASSETCATALOG_COMPILER_GENERATE_SWIFT_ASSET_SYMBOL_EXTENSIONS = YES;
				CLANG_ANALYZER_NONNULL = YES;
				CLANG_ANALYZER_NUMBER_OBJECT_CONVERSION = YES_AGGRESSIVE;
				CLANG_CXX_LANGUAGE_STANDARD = "gnu++20";
				CLANG_ENABLE_MODULES = YES;
				CLANG_ENABLE_OBJC_ARC = YES;
				CLANG_ENABLE_OBJC_WEAK = YES;
				CLANG_WARN_BLOCK_CAPTURE_AUTORELEASING = YES;
				CLANG_WARN_BOOL_CONVERSION = YES;
				CLANG_WARN_COMMA = YES;
				CLANG_WARN_CONSTANT_CONVERSION = YES;
				CLANG_WARN_DEPRECATED_OBJC_IMPLEMENTATIONS = YES;
				CLANG_WARN_DIRECT_OBJC_ISA_USAGE = YES_ERROR;
				CLANG_WARN_DOCUMENTATION_COMMENTS = YES;
				CLANG_WARN_EMPTY_BODY = YES;
				CLANG_WARN_ENUM_CONVERSION = YES;
				CLANG_WARN_INFINITE_RECURSION = YES;
				CLANG_WARN_INT_CONVERSION = YES;
				CLANG_WARN_NON_LITERAL_NULL_CONVERSION = YES;
				CLANG_WARN_OBJC_IMPLICIT_RETAIN_SELF = YES;
				CLANG_WARN_OBJC_LITERAL_CONVERSION = YES;
				CLANG_WARN_OBJC_ROOT_CLASS = YES_ERROR;
				CLANG_WARN_QUOTED_INCLUDE_IN_FRAMEWORK_HEADER = YES;
				CLANG_WARN_RANGE_LOOP_ANALYSIS = YES;
				CLANG_WARN_STRICT_PROTOTYPES = YES;
				CLANG_WARN_SUSPICIOUS_MOVE = YES;
				CLANG_WARN_UNGUARDED_AVAILABILITY = YES_AGGRESSIVE;
				CLANG_WARN_UNREACHABLE_CODE = YES;
				CLANG_WARN__DUPLICATE_METHOD_MATCH = YES;
				COPY_PHASE_STRIP = NO;
				DEBUG_INFORMATION_FORMAT = dwarf;
				ENABLE_STRICT_OBJC_MSGSEND = YES;
				ENABLE_TESTABILITY = YES;
				ENABLE_USER_SCRIPT_SANDBOXING = YES;
				GCC_C_LANGUAGE_STANDARD = gnu17;
				GCC_DYNAMIC_NO_PIC = NO;
				GCC_NO_COMMON_BLOCKS = YES;
				GCC_OPTIMIZATION_LEVEL = 0;
				GCC_PREPROCESSOR_DEFINITIONS = (
					"DEBUG=1",
					"$(inherited)",
				);
				GCC_WARN_64_TO_32_BIT_CONVERSION = YES;
				GCC_WARN_ABOUT_RETURN_TYPE = YES_ERROR;
				GCC_WARN_UNDECLARED_SELECTOR = YES;
				GCC_WARN_UNINITIALIZED_AUTOS = YES_AGGRESSIVE;
				GCC_WARN_UNUSED_FUNCTION = YES;
				GCC_WARN_UNUSED_VARIABLE = YES;
				IPHONEOS_DEPLOYMENT_TARGET = 17.2;
				LOCALIZATION_PREFERS_STRING_CATALOGS = YES;
				MTL_ENABLE_DEBUG_INFO = INCLUDE_SOURCE;
				MTL_FAST_MATH = YES;
				ONLY_ACTIVE_ARCH = YES;
				SDKROOT = iphoneos;
				SWIFT_ACTIVE_COMPILATION_CONDITIONS = "DEBUG $(inherited)";
				SWIFT_OPTIMIZATION_LEVEL = "-Onone";
			};
			name = Debug;
		};
		AC274CFD2B46F24600353B24 /* Release */ = {
			isa = XCBuildConfiguration;
			buildSettings = {
				ALWAYS_SEARCH_USER_PATHS = NO;
				ASSETCATALOG_COMPILER_GENERATE_SWIFT_ASSET_SYMBOL_EXTENSIONS = YES;
				CLANG_ANALYZER_NONNULL = YES;
				CLANG_ANALYZER_NUMBER_OBJECT_CONVERSION = YES_AGGRESSIVE;
				CLANG_CXX_LANGUAGE_STANDARD = "gnu++20";
				CLANG_ENABLE_MODULES = YES;
				CLANG_ENABLE_OBJC_ARC = YES;
				CLANG_ENABLE_OBJC_WEAK = YES;
				CLANG_WARN_BLOCK_CAPTURE_AUTORELEASING = YES;
				CLANG_WARN_BOOL_CONVERSION = YES;
				CLANG_WARN_COMMA = YES;
				CLANG_WARN_CONSTANT_CONVERSION = YES;
				CLANG_WARN_DEPRECATED_OBJC_IMPLEMENTATIONS = YES;
				CLANG_WARN_DIRECT_OBJC_ISA_USAGE = YES_ERROR;
				CLANG_WARN_DOCUMENTATION_COMMENTS = YES;
				CLANG_WARN_EMPTY_BODY = YES;
				CLANG_WARN_ENUM_CONVERSION = YES;
				CLANG_WARN_INFINITE_RECURSION = YES;
				CLANG_WARN_INT_CONVERSION = YES;
				CLANG_WARN_NON_LITERAL_NULL_CONVERSION = YES;
				CLANG_WARN_OBJC_IMPLICIT_RETAIN_SELF = YES;
				CLANG_WARN_OBJC_LITERAL_CONVERSION = YES;
				CLANG_WARN_OBJC_ROOT_CLASS = YES_ERROR;
				CLANG_WARN_QUOTED_INCLUDE_IN_FRAMEWORK_HEADER = YES;
				CLANG_WARN_RANGE_LOOP_ANALYSIS = YES;
				CLANG_WARN_STRICT_PROTOTYPES = YES;
				CLANG_WARN_SUSPICIOUS_MOVE = YES;
				CLANG_WARN_UNGUARDED_AVAILABILITY = YES_AGGRESSIVE;
				CLANG_WARN_UNREACHABLE_CODE = YES;
				CLANG_WARN__DUPLICATE_METHOD_MATCH = YES;
				COPY_PHASE_STRIP = NO;
				DEBUG_INFORMATION_FORMAT = "dwarf-with-dsym";
				ENABLE_NS_ASSERTIONS = NO;
				ENABLE_STRICT_OBJC_MSGSEND = YES;
				ENABLE_USER_SCRIPT_SANDBOXING = YES;
				GCC_C_LANGUAGE_STANDARD = gnu17;
				GCC_NO_COMMON_BLOCKS = YES;
				GCC_WARN_64_TO_32_BIT_CONVERSION = YES;
				GCC_WARN_ABOUT_RETURN_TYPE = YES_ERROR;
				GCC_WARN_UNDECLARED_SELECTOR = YES;
				GCC_WARN_UNINITIALIZED_AUTOS = YES_AGGRESSIVE;
				GCC_WARN_UNUSED_FUNCTION = YES;
				GCC_WARN_UNUSED_VARIABLE = YES;
				IPHONEOS_DEPLOYMENT_TARGET = 17.2;
				LOCALIZATION_PREFERS_STRING_CATALOGS = YES;
				MTL_ENABLE_DEBUG_INFO = NO;
				MTL_FAST_MATH = YES;
				SDKROOT = iphoneos;
				SWIFT_COMPILATION_MODE = wholemodule;
				VALIDATE_PRODUCT = YES;
			};
			name = Release;
		};
		AC274CFF2B46F24600353B24 /* Debug */ = {
			isa = XCBuildConfiguration;
			buildSettings = {
				ASSETCATALOG_COMPILER_APPICON_NAME = AppIcon;
				ASSETCATALOG_COMPILER_GLOBAL_ACCENT_COLOR_NAME = AccentColor;
				CODE_SIGN_STYLE = Automatic;
				CURRENT_PROJECT_VERSION = 1;
				DEVELOPMENT_ASSET_PATHS = "\"StateManagementTAIHEN/Preview Content\"";
				DEVELOPMENT_TEAM = Y2VF5F9C77;
				ENABLE_PREVIEWS = YES;
				GENERATE_INFOPLIST_FILE = YES;
				INFOPLIST_KEY_UIApplicationSceneManifest_Generation = YES;
				INFOPLIST_KEY_UIApplicationSupportsIndirectInputEvents = YES;
				INFOPLIST_KEY_UILaunchScreen_Generation = YES;
				INFOPLIST_KEY_UISupportedInterfaceOrientations_iPad = "UIInterfaceOrientationPortrait UIInterfaceOrientationPortraitUpsideDown UIInterfaceOrientationLandscapeLeft UIInterfaceOrientationLandscapeRight";
				INFOPLIST_KEY_UISupportedInterfaceOrientations_iPhone = "UIInterfaceOrientationPortrait UIInterfaceOrientationLandscapeLeft UIInterfaceOrientationLandscapeRight";
				LD_RUNPATH_SEARCH_PATHS = (
					"$(inherited)",
					"@executable_path/Frameworks",
				);
				MARKETING_VERSION = 1.0;
				PRODUCT_BUNDLE_IDENTIFIER = com.gmail.haloupgarou.StateManagementTAIHEN;
				PRODUCT_NAME = "$(TARGET_NAME)";
				SWIFT_EMIT_LOC_STRINGS = YES;
				SWIFT_VERSION = 5.0;
				TARGETED_DEVICE_FAMILY = "1,2";
			};
			name = Debug;
		};
		AC274D002B46F24600353B24 /* Release */ = {
			isa = XCBuildConfiguration;
			buildSettings = {
				ASSETCATALOG_COMPILER_APPICON_NAME = AppIcon;
				ASSETCATALOG_COMPILER_GLOBAL_ACCENT_COLOR_NAME = AccentColor;
				CODE_SIGN_STYLE = Automatic;
				CURRENT_PROJECT_VERSION = 1;
				DEVELOPMENT_ASSET_PATHS = "\"StateManagementTAIHEN/Preview Content\"";
				DEVELOPMENT_TEAM = Y2VF5F9C77;
				ENABLE_PREVIEWS = YES;
				GENERATE_INFOPLIST_FILE = YES;
				INFOPLIST_KEY_UIApplicationSceneManifest_Generation = YES;
				INFOPLIST_KEY_UIApplicationSupportsIndirectInputEvents = YES;
				INFOPLIST_KEY_UILaunchScreen_Generation = YES;
				INFOPLIST_KEY_UISupportedInterfaceOrientations_iPad = "UIInterfaceOrientationPortrait UIInterfaceOrientationPortraitUpsideDown UIInterfaceOrientationLandscapeLeft UIInterfaceOrientationLandscapeRight";
				INFOPLIST_KEY_UISupportedInterfaceOrientations_iPhone = "UIInterfaceOrientationPortrait UIInterfaceOrientationLandscapeLeft UIInterfaceOrientationLandscapeRight";
				LD_RUNPATH_SEARCH_PATHS = (
					"$(inherited)",
					"@executable_path/Frameworks",
				);
				MARKETING_VERSION = 1.0;
				PRODUCT_BUNDLE_IDENTIFIER = com.gmail.haloupgarou.StateManagementTAIHEN;
				PRODUCT_NAME = "$(TARGET_NAME)";
				SWIFT_EMIT_LOC_STRINGS = YES;
				SWIFT_VERSION = 5.0;
				TARGETED_DEVICE_FAMILY = "1,2";
			};
			name = Release;
		};
		AC274D022B46F24600353B24 /* Debug */ = {
			isa = XCBuildConfiguration;
			buildSettings = {
				ALWAYS_EMBED_SWIFT_STANDARD_LIBRARIES = YES;
				BUNDLE_LOADER = "$(TEST_HOST)";
				CODE_SIGN_STYLE = Automatic;
				CURRENT_PROJECT_VERSION = 1;
				DEVELOPMENT_TEAM = Y2VF5F9C77;
				GENERATE_INFOPLIST_FILE = YES;
				IPHONEOS_DEPLOYMENT_TARGET = 17.2;
				MARKETING_VERSION = 1.0;
				PRODUCT_BUNDLE_IDENTIFIER = com.gmail.haloupgarou.StateManagementTAIHENTests;
				PRODUCT_NAME = "$(TARGET_NAME)";
				SWIFT_EMIT_LOC_STRINGS = NO;
				SWIFT_VERSION = 5.0;
				TARGETED_DEVICE_FAMILY = "1,2";
				TEST_HOST = "$(BUILT_PRODUCTS_DIR)/StateManagementTAIHEN.app/$(BUNDLE_EXECUTABLE_FOLDER_PATH)/StateManagementTAIHEN";
			};
			name = Debug;
		};
		AC274D032B46F24600353B24 /* Release */ = {
			isa = XCBuildConfiguration;
			buildSettings = {
				ALWAYS_EMBED_SWIFT_STANDARD_LIBRARIES = YES;
				BUNDLE_LOADER = "$(TEST_HOST)";
				CODE_SIGN_STYLE = Automatic;
				CURRENT_PROJECT_VERSION = 1;
				DEVELOPMENT_TEAM = Y2VF5F9C77;
				GENERATE_INFOPLIST_FILE = YES;
				IPHONEOS_DEPLOYMENT_TARGET = 17.2;
				MARKETING_VERSION = 1.0;
				PRODUCT_BUNDLE_IDENTIFIER = com.gmail.haloupgarou.StateManagementTAIHENTests;
				PRODUCT_NAME = "$(TARGET_NAME)";
				SWIFT_EMIT_LOC_STRINGS = NO;
				SWIFT_VERSION = 5.0;
				TARGETED_DEVICE_FAMILY = "1,2";
				TEST_HOST = "$(BUILT_PRODUCTS_DIR)/StateManagementTAIHEN.app/$(BUNDLE_EXECUTABLE_FOLDER_PATH)/StateManagementTAIHEN";
			};
			name = Release;
		};
		AC274D052B46F24600353B24 /* Debug */ = {
			isa = XCBuildConfiguration;
			buildSettings = {
				ALWAYS_EMBED_SWIFT_STANDARD_LIBRARIES = YES;
				CODE_SIGN_STYLE = Automatic;
				CURRENT_PROJECT_VERSION = 1;
				DEVELOPMENT_TEAM = Y2VF5F9C77;
				GENERATE_INFOPLIST_FILE = YES;
				MARKETING_VERSION = 1.0;
				PRODUCT_BUNDLE_IDENTIFIER = com.gmail.haloupgarou.StateManagementTAIHENUITests;
				PRODUCT_NAME = "$(TARGET_NAME)";
				SWIFT_EMIT_LOC_STRINGS = NO;
				SWIFT_VERSION = 5.0;
				TARGETED_DEVICE_FAMILY = "1,2";
				TEST_TARGET_NAME = StateManagementTAIHEN;
			};
			name = Debug;
		};
		AC274D062B46F24600353B24 /* Release */ = {
			isa = XCBuildConfiguration;
			buildSettings = {
				ALWAYS_EMBED_SWIFT_STANDARD_LIBRARIES = YES;
				CODE_SIGN_STYLE = Automatic;
				CURRENT_PROJECT_VERSION = 1;
				DEVELOPMENT_TEAM = Y2VF5F9C77;
				GENERATE_INFOPLIST_FILE = YES;
				MARKETING_VERSION = 1.0;
				PRODUCT_BUNDLE_IDENTIFIER = com.gmail.haloupgarou.StateManagementTAIHENUITests;
				PRODUCT_NAME = "$(TARGET_NAME)";
				SWIFT_EMIT_LOC_STRINGS = NO;
				SWIFT_VERSION = 5.0;
				TARGETED_DEVICE_FAMILY = "1,2";
				TEST_TARGET_NAME = StateManagementTAIHEN;
			};
			name = Release;
		};
/* End XCBuildConfiguration section */

/* Begin XCConfigurationList section */
		AC274CD52B46F24100353B24 /* Build configuration list for PBXProject "StateManagementTAIHEN" */ = {
			isa = XCConfigurationList;
			buildConfigurations = (
				AC274CFC2B46F24600353B24 /* Debug */,
				AC274CFD2B46F24600353B24 /* Release */,
			);
			defaultConfigurationIsVisible = 0;
			defaultConfigurationName = Release;
		};
		AC274CFE2B46F24600353B24 /* Build configuration list for PBXNativeTarget "StateManagementTAIHEN" */ = {
			isa = XCConfigurationList;
			buildConfigurations = (
				AC274CFF2B46F24600353B24 /* Debug */,
				AC274D002B46F24600353B24 /* Release */,
			);
			defaultConfigurationIsVisible = 0;
			defaultConfigurationName = Release;
		};
		AC274D012B46F24600353B24 /* Build configuration list for PBXNativeTarget "StateManagementTAIHENTests" */ = {
			isa = XCConfigurationList;
			buildConfigurations = (
				AC274D022B46F24600353B24 /* Debug */,
				AC274D032B46F24600353B24 /* Release */,
			);
			defaultConfigurationIsVisible = 0;
			defaultConfigurationName = Release;
		};
		AC274D042B46F24600353B24 /* Build configuration list for PBXNativeTarget "StateManagementTAIHENUITests" */ = {
			isa = XCConfigurationList;
			buildConfigurations = (
				AC274D052B46F24600353B24 /* Debug */,
				AC274D062B46F24600353B24 /* Release */,
			);
			defaultConfigurationIsVisible = 0;
			defaultConfigurationName = Release;
		};
/* End XCConfigurationList section */
	};
	rootObject = AC274CD22B46F24100353B24 /* Project object */;
}
